// !$*UTF8*$!
{
	archiveVersion = 1;
	classes = {
	};
	objectVersion = 55;
	objects = {

/* Begin PBXBuildFile section */
		5CA6BFA3280DC206007925FE /* AppDelegate.m in Sources */ = {isa = PBXBuildFile; fileRef = 5CA6BFA2280DC206007925FE /* AppDelegate.m */; };
		5CA6BFAE280DC20A007925FE /* Assets.xcassets in Resources */ = {isa = PBXBuildFile; fileRef = 5CA6BFAD280DC20A007925FE /* Assets.xcassets */; };
		5CA6BFB1280DC20A007925FE /* LaunchScreen.storyboard in Resources */ = {isa = PBXBuildFile; fileRef = 5CA6BFAF280DC20A007925FE /* LaunchScreen.storyboard */; };
		5CA6BFB4280DC20A007925FE /* main.m in Sources */ = {isa = PBXBuildFile; fileRef = 5CA6BFB3280DC20A007925FE /* main.m */; };
		5CA6BFBD280DC2C4007925FE /* HomeVC.m in Sources */ = {isa = PBXBuildFile; fileRef = 5CA6BFBC280DC2C4007925FE /* HomeVC.m */; };
		5CA6BFC1280DC2E1007925FE /* DetailVC.m in Sources */ = {isa = PBXBuildFile; fileRef = 5CA6BFBF280DC2E1007925FE /* DetailVC.m */; };
		5CA6BFC5280DC5C1007925FE /* SafeTimer.m in Sources */ = {isa = PBXBuildFile; fileRef = 5CA6BFC4280DC5C1007925FE /* SafeTimer.m */; };
/* End PBXBuildFile section */

/* Begin PBXFileReference section */
		5CA6BF9E280DC206007925FE /* SafeTimerDemo.app */ = {isa = PBXFileReference; explicitFileType = wrapper.application; includeInIndex = 0; path = SafeTimerDemo.app; sourceTree = BUILT_PRODUCTS_DIR; };
		5CA6BFA1280DC206007925FE /* AppDelegate.h */ = {isa = PBXFileReference; lastKnownFileType = sourcecode.c.h; path = AppDelegate.h; sourceTree = "<group>"; };
		5CA6BFA2280DC206007925FE /* AppDelegate.m */ = {isa = PBXFileReference; lastKnownFileType = sourcecode.c.objc; path = AppDelegate.m; sourceTree = "<group>"; };
		5CA6BFAD280DC20A007925FE /* Assets.xcassets */ = {isa = PBXFileReference; lastKnownFileType = folder.assetcatalog; path = Assets.xcassets; sourceTree = "<group>"; };
		5CA6BFB0280DC20A007925FE /* Base */ = {isa = PBXFileReference; lastKnownFileType = file.storyboard; name = Base; path = Base.lproj/LaunchScreen.storyboard; sourceTree = "<group>"; };
		5CA6BFB2280DC20A007925FE /* Info.plist */ = {isa = PBXFileReference; lastKnownFileType = text.plist.xml; path = Info.plist; sourceTree = "<group>"; };
		5CA6BFB3280DC20A007925FE /* main.m */ = {isa = PBXFileReference; lastKnownFileType = sourcecode.c.objc; path = main.m; sourceTree = "<group>"; };
		5CA6BFBB280DC2C4007925FE /* HomeVC.h */ = {isa = PBXFileReference; lastKnownFileType = sourcecode.c.h; path = HomeVC.h; sourceTree = "<group>"; };
		5CA6BFBC280DC2C4007925FE /* HomeVC.m */ = {isa = PBXFileReference; lastKnownFileType = sourcecode.c.objc; path = HomeVC.m; sourceTree = "<group>"; };
		5CA6BFBE280DC2E1007925FE /* DetailVC.h */ = {isa = PBXFileReference; lastKnownFileType = sourcecode.c.h; path = DetailVC.h; sourceTree = "<group>"; };
		5CA6BFBF280DC2E1007925FE /* DetailVC.m */ = {isa = PBXFileReference; lastKnownFileType = sourcecode.c.objc; path = DetailVC.m; sourceTree = "<group>"; };
		5CA6BFC3280DC5C1007925FE /* SafeTimer.h */ = {isa = PBXFileReference; lastKnownFileType = sourcecode.c.h; path = SafeTimer.h; sourceTree = "<group>"; };
		5CA6BFC4280DC5C1007925FE /* SafeTimer.m */ = {isa = PBXFileReference; lastKnownFileType = sourcecode.c.objc; path = SafeTimer.m; sourceTree = "<group>"; };
/* End PBXFileReference section */

/* Begin PBXFrameworksBuildPhase section */
		5CA6BF9B280DC206007925FE /* Frameworks */ = {
			isa = PBXFrameworksBuildPhase;
			buildActionMask = 2147483647;
			files = (
			);
			runOnlyForDeploymentPostprocessing = 0;
		};
/* End PBXFrameworksBuildPhase section */

/* Begin PBXGroup section */
		5CA6BF95280DC206007925FE = {
			isa = PBXGroup;
			children = (
				5CA6BFA0280DC206007925FE /* SafeTimerDemo */,
				5CA6BF9F280DC206007925FE /* Products */,
			);
			sourceTree = "<group>";
		};
		5CA6BF9F280DC206007925FE /* Products */ = {
			isa = PBXGroup;
			children = (
				5CA6BF9E280DC206007925FE /* SafeTimerDemo.app */,
			);
			name = Products;
			sourceTree = "<group>";
		};
		5CA6BFA0280DC206007925FE /* SafeTimerDemo */ = {
			isa = PBXGroup;
			children = (
				5CA6BFBA280DC2AA007925FE /* TimerDemo */,
				5CA6BFA1280DC206007925FE /* AppDelegate.h */,
				5CA6BFA2280DC206007925FE /* AppDelegate.m */,
				5CA6BFAD280DC20A007925FE /* Assets.xcassets */,
				5CA6BFAF280DC20A007925FE /* LaunchScreen.storyboard */,
				5CA6BFB2280DC20A007925FE /* Info.plist */,
				5CA6BFB3280DC20A007925FE /* main.m */,
			);
			path = SafeTimerDemo;
			sourceTree = "<group>";
		};
		5CA6BFBA280DC2AA007925FE /* TimerDemo */ = {
			isa = PBXGroup;
			children = (
				5CA6BFBB280DC2C4007925FE /* HomeVC.h */,
				5CA6BFBC280DC2C4007925FE /* HomeVC.m */,
				5CA6BFBE280DC2E1007925FE /* DetailVC.h */,
				5CA6BFBF280DC2E1007925FE /* DetailVC.m */,
				5CA6BFC3280DC5C1007925FE /* SafeTimer.h */,
				5CA6BFC4280DC5C1007925FE /* SafeTimer.m */,
			);
			path = TimerDemo;
			sourceTree = "<group>";
		};
/* End PBXGroup section */

/* Begin PBXNativeTarget section */
		5CA6BF9D280DC206007925FE /* SafeTimerDemo */ = {
			isa = PBXNativeTarget;
			buildConfigurationList = 5CA6BFB7280DC20A007925FE /* Build configuration list for PBXNativeTarget "SafeTimerDemo" */;
			buildPhases = (
				5CA6BF9A280DC206007925FE /* Sources */,
				5CA6BF9B280DC206007925FE /* Frameworks */,
				5CA6BF9C280DC206007925FE /* Resources */,
			);
			buildRules = (
			);
			dependencies = (
			);
			name = SafeTimerDemo;
			productName = SafeTimerDemo;
			productReference = 5CA6BF9E280DC206007925FE /* SafeTimerDemo.app */;
			productType = "com.apple.product-type.application";
		};
/* End PBXNativeTarget section */

/* Begin PBXProject section */
		5CA6BF96280DC206007925FE /* Project object */ = {
			isa = PBXProject;
			attributes = {
				BuildIndependentTargetsInParallel = 1;
				LastUpgradeCheck = 1330;
				TargetAttributes = {
					5CA6BF9D280DC206007925FE = {
						CreatedOnToolsVersion = 13.3.1;
					};
				};
			};
			buildConfigurationList = 5CA6BF99280DC206007925FE /* Build configuration list for PBXProject "SafeTimerDemo" */;
			compatibilityVersion = "Xcode 13.0";
			developmentRegion = en;
			hasScannedForEncodings = 0;
			knownRegions = (
				en,
				Base,
			);
			mainGroup = 5CA6BF95280DC206007925FE;
			productRefGroup = 5CA6BF9F280DC206007925FE /* Products */;
			projectDirPath = "";
			projectRoot = "";
			targets = (
				5CA6BF9D280DC206007925FE /* SafeTimerDemo */,
			);
		};
/* End PBXProject section */

/* Begin PBXResourcesBuildPhase section */
		5CA6BF9C280DC206007925FE /* Resources */ = {
			isa = PBXResourcesBuildPhase;
			buildActionMask = 2147483647;
			files = (
				5CA6BFB1280DC20A007925FE /* LaunchScreen.storyboard in Resources */,
				5CA6BFAE280DC20A007925FE /* Assets.xcassets in Resources */,
			);
			runOnlyForDeploymentPostprocessing = 0;
		};
/* End PBXResourcesBuildPhase section */

/* Begin PBXSourcesBuildPhase section */
		5CA6BF9A280DC206007925FE /* Sources */ = {
			isa = PBXSourcesBuildPhase;
			buildActionMask = 2147483647;
			files = (
				5CA6BFBD280DC2C4007925FE /* HomeVC.m in Sources */,
				5CA6BFC1280DC2E1007925FE /* DetailVC.m in Sources */,
				5CA6BFC5280DC5C1007925FE /* SafeTimer.m in Sources */,
				5CA6BFA3280DC206007925FE /* AppDelegate.m in Sources */,
				5CA6BFB4280DC20A007925FE /* main.m in Sources */,
			);
			runOnlyForDeploymentPostprocessing = 0;
		};
/* End PBXSourcesBuildPhase section */

/* Begin PBXVariantGroup section */
		5CA6BFAF280DC20A007925FE /* LaunchScreen.storyboard */ = {
			isa = PBXVariantGroup;
			children = (
				5CA6BFB0280DC20A007925FE /* Base */,
			);
			name = LaunchScreen.storyboard;
			sourceTree = "<group>";
		};
/* End PBXVariantGroup section */

/* Begin XCBuildConfiguration section */
		5CA6BFB5280DC20A007925FE /* Debug */ = {
			isa = XCBuildConfiguration;
			buildSettings = {
				ALWAYS_SEARCH_USER_PATHS = NO;
				CLANG_ANALYZER_NONNULL = YES;
				CLANG_ANALYZER_NUMBER_OBJECT_CONVERSION = YES_AGGRESSIVE;
				CLANG_CXX_LANGUAGE_STANDARD = "gnu++17";
				CLANG_ENABLE_MODULES = YES;
				CLANG_ENABLE_OBJC_ARC = YES;
				CLANG_ENABLE_OBJC_WEAK = YES;
				CLANG_WARN_BLOCK_CAPTURE_AUTORELEASING = YES;
				CLANG_WARN_BOOL_CONVERSION = YES;
				CLANG_WARN_COMMA = YES;
				CLANG_WARN_CONSTANT_CONVERSION = YES;
				CLANG_WARN_DEPRECATED_OBJC_IMPLEMENTATIONS = YES;
				CLANG_WARN_DIRECT_OBJC_ISA_USAGE = YES_ERROR;
				CLANG_WARN_DOCUMENTATION_COMMENTS = YES;
				CLANG_WARN_EMPTY_BODY = YES;
				CLANG_WARN_ENUM_CONVERSION = YES;
				CLANG_WARN_INFINITE_RECURSION = YES;
				CLANG_WARN_INT_CONVERSION = YES;
				CLANG_WARN_NON_LITERAL_NULL_CONVERSION = YES;
				CLANG_WARN_OBJC_IMPLICIT_RETAIN_SELF = YES;
				CLANG_WARN_OBJC_LITERAL_CONVERSION = YES;
				CLANG_WARN_OBJC_ROOT_CLASS = YES_ERROR;
				CLANG_WARN_QUOTED_INCLUDE_IN_FRAMEWORK_HEADER = YES;
				CLANG_WARN_RANGE_LOOP_ANALYSIS = YES;
				CLANG_WARN_STRICT_PROTOTYPES = YES;
				CLANG_WARN_SUSPICIOUS_MOVE = YES;
				CLANG_WARN_UNGUARDED_AVAILABILITY = YES_AGGRESSIVE;
				CLANG_WARN_UNREACHABLE_CODE = YES;
				CLANG_WARN__DUPLICATE_METHOD_MATCH = YES;
				COPY_PHASE_STRIP = NO;
				DEBUG_INFORMATION_FORMAT = dwarf;
				ENABLE_STRICT_OBJC_MSGSEND = YES;
				ENABLE_TESTABILITY = YES;
				GCC_C_LANGUAGE_STANDARD = gnu11;
				GCC_DYNAMIC_NO_PIC = NO;
				GCC_NO_COMMON_BLOCKS = YES;
				GCC_OPTIMIZATION_LEVEL = 0;
				GCC_PREPROCESSOR_DEFINITIONS = (
					"DEBUG=1",
					"$(inherited)",
				);
				GCC_WARN_64_TO_32_BIT_CONVERSION = YES;
				GCC_WARN_ABOUT_RETURN_TYPE = YES_ERROR;
				GCC_WARN_UNDECLARED_SELECTOR = YES;
				GCC_WARN_UNINITIALIZED_AUTOS = YES_AGGRESSIVE;
				GCC_WARN_UNUSED_FUNCTION = YES;
				GCC_WARN_UNUSED_VARIABLE = YES;
				IPHONEOS_DEPLOYMENT_TARGET = 15.4;
				MTL_ENABLE_DEBUG_INFO = INCLUDE_SOURCE;
				MTL_FAST_MATH = YES;
				ONLY_ACTIVE_ARCH = YES;
				SDKROOT = iphoneos;
			};
			name = Debug;
		};
		5CA6BFB6280DC20A007925FE /* Release */ = {
			isa = XCBuildConfiguration;
			buildSettings = {
				ALWAYS_SEARCH_USER_PATHS = NO;
				CLANG_ANALYZER_NONNULL = YES;
				CLANG_ANALYZER_NUMBER_OBJECT_CONVERSION = YES_AGGRESSIVE;
				CLANG_CXX_LANGUAGE_STANDARD = "gnu++17";
				CLANG_ENABLE_MODULES = YES;
				CLANG_ENABLE_OBJC_ARC = YES;
				CLANG_ENABLE_OBJC_WEAK = YES;
				CLANG_WARN_BLOCK_CAPTURE_AUTORELEASING = YES;
				CLANG_WARN_BOOL_CONVERSION = YES;
				CLANG_WARN_COMMA = YES;
				CLANG_WARN_CONSTANT_CONVERSION = YES;
				CLANG_WARN_DEPRECATED_OBJC_IMPLEMENTATIONS = YES;
				CLANG_WARN_DIRECT_OBJC_ISA_USAGE = YES_ERROR;
				CLANG_WARN_DOCUMENTATION_COMMENTS = YES;
				CLANG_WARN_EMPTY_BODY = YES;
				CLANG_WARN_ENUM_CONVERSION = YES;
				CLANG_WARN_INFINITE_RECURSION = YES;
				CLANG_WARN_INT_CONVERSION = YES;
				CLANG_WARN_NON_LITERAL_NULL_CONVERSION = YES;
				CLANG_WARN_OBJC_IMPLICIT_RETAIN_SELF = YES;
				CLANG_WARN_OBJC_LITERAL_CONVERSION = YES;
				CLANG_WARN_OBJC_ROOT_CLASS = YES_ERROR;
				CLANG_WARN_QUOTED_INCLUDE_IN_FRAMEWORK_HEADER = YES;
				CLANG_WARN_RANGE_LOOP_ANALYSIS = YES;
				CLANG_WARN_STRICT_PROTOTYPES = YES;
				CLANG_WARN_SUSPICIOUS_MOVE = YES;
				CLANG_WARN_UNGUARDED_AVAILABILITY = YES_AGGRESSIVE;
				CLANG_WARN_UNREACHABLE_CODE = YES;
				CLANG_WARN__DUPLICATE_METHOD_MATCH = YES;
				COPY_PHASE_STRIP = NO;
				DEBUG_INFORMATION_FORMAT = "dwarf-with-dsym";
				ENABLE_NS_ASSERTIONS = NO;
				ENABLE_STRICT_OBJC_MSGSEND = YES;
				GCC_C_LANGUAGE_STANDARD = gnu11;
				GCC_NO_COMMON_BLOCKS = YES;
				GCC_WARN_64_TO_32_BIT_CONVERSION = YES;
				GCC_WARN_ABOUT_RETURN_TYPE = YES_ERROR;
				GCC_WARN_UNDECLARED_SELECTOR = YES;
				GCC_WARN_UNINITIALIZED_AUTOS = YES_AGGRESSIVE;
				GCC_WARN_UNUSED_FUNCTION = YES;
				GCC_WARN_UNUSED_VARIABLE = YES;
				IPHONEOS_DEPLOYMENT_TARGET = 15.4;
				MTL_ENABLE_DEBUG_INFO = NO;
				MTL_FAST_MATH = YES;
				SDKROOT = iphoneos;
				VALIDATE_PRODUCT = YES;
			};
			name = Release;
		};
		5CA6BFB8280DC20A007925FE /* Debug */ = {
			isa = XCBuildConfiguration;
			buildSettings = {
				ASSETCATALOG_COMPILER_APPICON_NAME = AppIcon;
				ASSETCATALOG_COMPILER_GLOBAL_ACCENT_COLOR_NAME = AccentColor;
				CLANG_ENABLE_OBJC_ARC = NO;
				CODE_SIGN_STYLE = Automatic;
				CURRENT_PROJECT_VERSION = 1;
				GENERATE_INFOPLIST_FILE = YES;
				INFOPLIST_FILE = SafeTimerDemo/Info.plist;
				INFOPLIST_KEY_UIApplicationSupportsIndirectInputEvents = YES;
				INFOPLIST_KEY_UILaunchStoryboardName = LaunchScreen;
				INFOPLIST_KEY_UISupportedInterfaceOrientations_iPad = "UIInterfaceOrientationPortrait UIInterfaceOrientationPortraitUpsideDown UIInterfaceOrientationLandscapeLeft UIInterfaceOrientationLandscapeRight";
				INFOPLIST_KEY_UISupportedInterfaceOrientations_iPhone = "UIInterfaceOrientationPortrait UIInterfaceOrientationLandscapeLeft UIInterfaceOrientationLandscapeRight";
				LD_RUNPATH_SEARCH_PATHS = (
					"$(inherited)",
					"@executable_path/Frameworks",
				);
				MARKETING_VERSION = 1.0;
				PRODUCT_BUNDLE_IDENTIFIER = com.jackPersonal.SafeTimerDemo;
				PRODUCT_NAME = "$(TARGET_NAME)";
				SWIFT_EMIT_LOC_STRINGS = YES;
				TARGETED_DEVICE_FAMILY = 1;
			};
			name = Debug;
		};
		5CA6BFB9280DC20A007925FE /* Release */ = {
			isa = XCBuildConfiguration;
			buildSettings = {
				ASSETCATALOG_COMPILER_APPICON_NAME = AppIcon;
				ASSETCATALOG_COMPILER_GLOBAL_ACCENT_COLOR_NAME = AccentColor;
				CLANG_ENABLE_OBJC_ARC = NO;
				CODE_SIGN_STYLE = Automatic;
				CURRENT_PROJECT_VERSION = 1;
				GENERATE_INFOPLIST_FILE = YES;
				INFOPLIST_FILE = SafeTimerDemo/Info.plist;
				INFOPLIST_KEY_UIApplicationSupportsIndirectInputEvents = YES;
				INFOPLIST_KEY_UILaunchStoryboardName = LaunchScreen;
				INFOPLIST_KEY_UISupportedInterfaceOrientations_iPad = "UIInterfaceOrientationPortrait UIInterfaceOrientationPortraitUpsideDown UIInterfaceOrientationLandscapeLeft UIInterfaceOrientationLandscapeRight";
				INFOPLIST_KEY_UISupportedInterfaceOrientations_iPhone = "UIInterfaceOrientationPortrait UIInterfaceOrientationLandscapeLeft UIInterfaceOrientationLandscapeRight";
				LD_RUNPATH_SEARCH_PATHS = (
					"$(inherited)",
					"@executable_path/Frameworks",
				);
				MARKETING_VERSION = 1.0;
				PRODUCT_BUNDLE_IDENTIFIER = com.jackPersonal.SafeTimerDemo;
				PRODUCT_NAME = "$(TARGET_NAME)";
				SWIFT_EMIT_LOC_STRINGS = YES;
				TARGETED_DEVICE_FAMILY = 1;
			};
			name = Release;
		};
/* End XCBuildConfiguration section */

/* Begin XCConfigurationList section */
		5CA6BF99280DC206007925FE /* Build configuration list for PBXProject "SafeTimerDemo" */ = {
			isa = XCConfigurationList;
			buildConfigurations = (
				5CA6BFB5280DC20A007925FE /* Debug */,
				5CA6BFB6280DC20A007925FE /* Release */,
			);
			defaultConfigurationIsVisible = 0;
			defaultConfigurationName = Release;
		};
		5CA6BFB7280DC20A007925FE /* Build configuration list for PBXNativeTarget "SafeTimerDemo" */ = {
			isa = XCConfigurationList;
			buildConfigurations = (
				5CA6BFB8280DC20A007925FE /* Debug */,
				5CA6BFB9280DC20A007925FE /* Release */,
			);
			defaultConfigurationIsVisible = 0;
			defaultConfigurationName = Release;
		};
/* End XCConfigurationList section */
	};
	rootObject = 5CA6BF96280DC206007925FE /* Project object */;
}
